
Microsoft Visual Studio Solution File, Format Version 12.00
# Visual Studio 15
VisualStudioVersion = 15.0.28307.539
MinimumVisualStudioVersion = 10.0.40219.1
Project("{8BC9CEB8-8B4A-11D0-8D11-00A0C91BC942}") = "실습과제 2.19", "실습과제 2.19.vcxproj", "{7DC497D3-1762-4149-803D-59D75AC156B9}"
EndProject
Global
	GlobalSection(SolutionConfigurationPlatforms) = preSolution
		Debug|x64 = Debug|x64
		Debug|x86 = Debug|x86
		Release|x64 = Release|x64
		Release|x86 = Release|x86
	EndGlobalSection
	GlobalSection(ProjectConfigurationPlatforms) = postSolution
		{7DC497D3-1762-4149-803D-59D75AC156B9}.Debug|x64.ActiveCfg = Debug|x64
		{7DC497D3-1762-4149-803D-59D75AC156B9}.Debug|x64.Build.0 = Debug|x64
		{7DC497D3-1762-4149-803D-59D75AC156B9}.Debug|x86.ActiveCfg = Debug|Win32
		{7DC497D3-1762-4149-803D-59D75AC156B9}.Debug|x86.Build.0 = Debug|Win32
		{7DC497D3-1762-4149-803D-59D75AC156B9}.Release|x64.ActiveCfg = Release|x64
		{7DC497D3-1762-4149-803D-59D75AC156B9}.Release|x64.Build.0 = Release|x64
		{7DC497D3-1762-4149-803D-59D75AC156B9}.Release|x86.ActiveCfg = Release|Win32
		{7DC497D3-1762-4149-803D-59D75AC156B9}.Release|x86.Build.0 = Release|Win32
	EndGlobalSection
	GlobalSection(SolutionProperties) = preSolution
		HideSolutionNode = FALSE
	EndGlobalSection
	GlobalSection(ExtensibilityGlobals) = postSolution
		SolutionGuid = {43A05FBD-2DE6-4EE4-985A-E9E27231EFAB}
	EndGlobalSection
EndGlobal
